{
  "name": "traceurl",
  "version": "0.3.4",
  "lockfileVersion": 1,
  "requires": true,
  "dependencies": {
    "jshelpers": {
      "version": "1.0.7",
      "resolved": "https://registry.npmjs.org/jshelpers/-/jshelpers-1.0.7.tgz",
      "integrity": "sha1-I/Eame/tDcjb2ZwNHqn3iXx6GkE="
    },
    "prettier": {
      "version": "2.0.2",
      "resolved": "https://registry.npmjs.org/prettier/-/prettier-2.0.2.tgz",
      "integrity": "sha512-5xJQIPT8BraI7ZnaDwSbu5zLrB6vvi8hVV58yHQ+QK64qrY40dULy0HSRlQ2/2IdzeBpjhDkqdcFBnFeDEMVdg==",
      "dev": true
    }
  }
}
