{
  "name": "traceurl",
  "version": "0.3.4",
  "lockfileVersion": 1,
  "requires": true,
  "dependencies": {
    "jshelpers": {
      "version": "1.0.7",
      "resolved": "https://registry.npmjs.org/jshelpers/-/jshelpers-1.0.7.tgz",
      "integrity": "sha1-I/Eame/tDcjb2ZwNHqn3iXx6GkE="
    },
    "prettier": {
      "version": "2.0.4",
      "resolved": "https://registry.npmjs.org/prettier/-/prettier-2.0.4.tgz",
      "integrity": "sha512-SVJIQ51spzFDvh4fIbCLvciiDMCrRhlN3mbZvv/+ycjvmF5E73bKdGfU8QDLNmjYJf+lsGnDBC4UUnvTe5OO0w==",
      "dev": true
    }
  }
}
