{
  "name": "traceurl",
  "version": "0.3.4",
  "lockfileVersion": 1,
  "requires": true,
  "dependencies": {
    "jshelpers": {
      "version": "1.0.7",
      "resolved": "https://registry.npmjs.org/jshelpers/-/jshelpers-1.0.7.tgz",
      "integrity": "sha1-I/Eame/tDcjb2ZwNHqn3iXx6GkE="
    },
    "prettier": {
      "version": "2.1.2",
      "resolved": "https://registry.npmjs.org/prettier/-/prettier-2.1.2.tgz",
      "integrity": "sha512-16c7K+x4qVlJg9rEbXl7HEGmQyZlG4R9AgP+oHKRMsMsuk8s+ATStlf1NpDqyBI1HpVyfjLOeMhH2LvuNvV5Vg==",
      "dev": true
    }
  }
}
